
Microsoft Visual Studio Solution File, Format Version 12.00
# Visual Studio 15
VisualStudioVersion = 15.0.26430.13
MinimumVisualStudioVersion = 10.0.40219.1
Project("{FAE04EC0-301F-11D3-BF4B-00C04F79EFBC}") = "PushNotificationDemo.Forms", "PushNotificationDemo.Forms\PushNotificationDemo.Forms\PushNotificationDemo.Forms.csproj", "{C1D88A06-36B1-4E49-9265-D95769D0C301}"
EndProject
Project("{FAE04EC0-301F-11D3-BF4B-00C04F79EFBC}") = "PushNotificationDemo.Forms.Droid", "PushNotificationDemo.Forms\PushNotificationDemo.Forms.Droid\PushNotificationDemo.Forms.Droid.csproj", "{57138905-D62B-4B2C-A3FF-8BBF8982B8E7}"
EndProject
Project("{FAE04EC0-301F-11D3-BF4B-00C04F79EFBC}") = "PushNotificationDemo.Forms.iOS", "PushNotificationDemo.Forms\PushNotificationDemo.Forms.iOS\PushNotificationDemo.Forms.iOS.csproj", "{FD7A7728-7E27-42B5-B985-44F90180BD51}"
EndProject
Project("{FAE04EC0-301F-11D3-BF4B-00C04F79EFBC}") = "PushNotificationDemo.Forms.UWP", "PushNotificationDemo.Forms\PushNotificationDemo.Forms.UWP\PushNotificationDemo.Forms.UWP.csproj", "{624BF128-F6F4-479E-9FE2-63210F818F20}"
EndProject
Project("{FAE04EC0-301F-11D3-BF4B-00C04F79EFBC}") = "PushNotificationDemo.Backend", "PushNotificationDemo.Backend\PushNotificationDemo.Backend.csproj", "{845AD315-4938-48B4-98BF-88A6A1198A4E}"
EndProject
Project("{FAE04EC0-301F-11D3-BF4B-00C04F79EFBC}") = "PushNotificationDemo.Frontend.Android", "PushNotificationDemo.Frontend\PushNotificationDemo.Frontend.Android\PushNotificationDemo.Frontend.Android.csproj", "{A93EDF2D-6663-4453-8DC8-27DAE20A9C21}"
EndProject
Project("{FAE04EC0-301F-11D3-BF4B-00C04F79EFBC}") = "PushNotificationDemo.Frontend.iOS", "PushNotificationDemo.Frontend\PushNotificationDemo.Frontend.iOS\PushNotificationDemo.Frontend.iOS.csproj", "{C697D365-7A39-4CB6-A07D-45406FA04206}"
EndProject
Project("{FAE04EC0-301F-11D3-BF4B-00C04F79EFBC}") = "PushNotificationDemo.Frontend.UWP", "PushNotificationDemo.Frontend\PushNotificationDemo.Frontend.UWP\PushNotificationDemo.Frontend.UWP.csproj", "{137F27E8-1CF5-487F-9BBA-074408C0C66D}"
EndProject
Project("{FAE04EC0-301F-11D3-BF4B-00C04F79EFBC}") = "PushNotificationDemo.Frontend", "PushNotificationDemo.Frontend\PushNotificationDemo.Frontend\PushNotificationDemo.Frontend.csproj", "{75061E97-FAC4-42B1-A992-C4F6A9C9D411}"
EndProject
Project("{2150E333-8FDC-42A3-9474-1A3956D46DE8}") = "Xamarin.Forms", "Xamarin.Forms", "{D5C79DA3-7ECE-4171-88A4-EC7F3DE5ACD5}"
EndProject
Project("{2150E333-8FDC-42A3-9474-1A3956D46DE8}") = "Xamarin", "Xamarin", "{0E8BC866-33C5-43B8-A14A-F7B74261FCCF}"
EndProject
Project("{2150E333-8FDC-42A3-9474-1A3956D46DE8}") = "Backend", "Backend", "{E1C406E2-B39F-4BD6-857B-0884D0E25F14}"
EndProject
Global
	GlobalSection(SolutionConfigurationPlatforms) = preSolution
		Ad-Hoc|Any CPU = Ad-Hoc|Any CPU
		Ad-Hoc|ARM = Ad-Hoc|ARM
		Ad-Hoc|iPhone = Ad-Hoc|iPhone
		Ad-Hoc|iPhoneSimulator = Ad-Hoc|iPhoneSimulator
		Ad-Hoc|x64 = Ad-Hoc|x64
		Ad-Hoc|x86 = Ad-Hoc|x86
		AppStore|Any CPU = AppStore|Any CPU
		AppStore|ARM = AppStore|ARM
		AppStore|iPhone = AppStore|iPhone
		AppStore|iPhoneSimulator = AppStore|iPhoneSimulator
		AppStore|x64 = AppStore|x64
		AppStore|x86 = AppStore|x86
		Debug|Any CPU = Debug|Any CPU
		Debug|ARM = Debug|ARM
		Debug|iPhone = Debug|iPhone
		Debug|iPhoneSimulator = Debug|iPhoneSimulator
		Debug|x64 = Debug|x64
		Debug|x86 = Debug|x86
		Release|Any CPU = Release|Any CPU
		Release|ARM = Release|ARM
		Release|iPhone = Release|iPhone
		Release|iPhoneSimulator = Release|iPhoneSimulator
		Release|x64 = Release|x64
		Release|x86 = Release|x86
	EndGlobalSection
	GlobalSection(ProjectConfigurationPlatforms) = postSolution
		{C1D88A06-36B1-4E49-9265-D95769D0C301}.Ad-Hoc|Any CPU.ActiveCfg = Release|Any CPU
		{C1D88A06-36B1-4E49-9265-D95769D0C301}.Ad-Hoc|Any CPU.Build.0 = Release|Any CPU
		{C1D88A06-36B1-4E49-9265-D95769D0C301}.Ad-Hoc|ARM.ActiveCfg = Release|Any CPU
		{C1D88A06-36B1-4E49-9265-D95769D0C301}.Ad-Hoc|ARM.Build.0 = Release|Any CPU
		{C1D88A06-36B1-4E49-9265-D95769D0C301}.Ad-Hoc|iPhone.ActiveCfg = Release|Any CPU
		{C1D88A06-36B1-4E49-9265-D95769D0C301}.Ad-Hoc|iPhone.Build.0 = Release|Any CPU
		{C1D88A06-36B1-4E49-9265-D95769D0C301}.Ad-Hoc|iPhoneSimulator.ActiveCfg = Release|Any CPU
		{C1D88A06-36B1-4E49-9265-D95769D0C301}.Ad-Hoc|iPhoneSimulator.Build.0 = Release|Any CPU
		{C1D88A06-36B1-4E49-9265-D95769D0C301}.Ad-Hoc|x64.ActiveCfg = Release|Any CPU
		{C1D88A06-36B1-4E49-9265-D95769D0C301}.Ad-Hoc|x64.Build.0 = Release|Any CPU
		{C1D88A06-36B1-4E49-9265-D95769D0C301}.Ad-Hoc|x86.ActiveCfg = Release|Any CPU
		{C1D88A06-36B1-4E49-9265-D95769D0C301}.Ad-Hoc|x86.Build.0 = Release|Any CPU
		{C1D88A06-36B1-4E49-9265-D95769D0C301}.AppStore|Any CPU.ActiveCfg = Release|Any CPU
		{C1D88A06-36B1-4E49-9265-D95769D0C301}.AppStore|Any CPU.Build.0 = Release|Any CPU
		{C1D88A06-36B1-4E49-9265-D95769D0C301}.AppStore|ARM.ActiveCfg = Release|Any CPU
		{C1D88A06-36B1-4E49-9265-D95769D0C301}.AppStore|ARM.Build.0 = Release|Any CPU
		{C1D88A06-36B1-4E49-9265-D95769D0C301}.AppStore|iPhone.ActiveCfg = Release|Any CPU
		{C1D88A06-36B1-4E49-9265-D95769D0C301}.AppStore|iPhone.Build.0 = Release|Any CPU
		{C1D88A06-36B1-4E49-9265-D95769D0C301}.AppStore|iPhoneSimulator.ActiveCfg = Release|Any CPU
		{C1D88A06-36B1-4E49-9265-D95769D0C301}.AppStore|iPhoneSimulator.Build.0 = Release|Any CPU
		{C1D88A06-36B1-4E49-9265-D95769D0C301}.AppStore|x64.ActiveCfg = Release|Any CPU
		{C1D88A06-36B1-4E49-9265-D95769D0C301}.AppStore|x64.Build.0 = Release|Any CPU
		{C1D88A06-36B1-4E49-9265-D95769D0C301}.AppStore|x86.ActiveCfg = Release|Any CPU
		{C1D88A06-36B1-4E49-9265-D95769D0C301}.AppStore|x86.Build.0 = Release|Any CPU
		{C1D88A06-36B1-4E49-9265-D95769D0C301}.Debug|Any CPU.ActiveCfg = Debug|Any CPU
		{C1D88A06-36B1-4E49-9265-D95769D0C301}.Debug|Any CPU.Build.0 = Debug|Any CPU
		{C1D88A06-36B1-4E49-9265-D95769D0C301}.Debug|ARM.ActiveCfg = Debug|Any CPU
		{C1D88A06-36B1-4E49-9265-D95769D0C301}.Debug|ARM.Build.0 = Debug|Any CPU
		{C1D88A06-36B1-4E49-9265-D95769D0C301}.Debug|iPhone.ActiveCfg = Debug|Any CPU
		{C1D88A06-36B1-4E49-9265-D95769D0C301}.Debug|iPhone.Build.0 = Debug|Any CPU
		{C1D88A06-36B1-4E49-9265-D95769D0C301}.Debug|iPhoneSimulator.ActiveCfg = Debug|Any CPU
		{C1D88A06-36B1-4E49-9265-D95769D0C301}.Debug|iPhoneSimulator.Build.0 = Debug|Any CPU
		{C1D88A06-36B1-4E49-9265-D95769D0C301}.Debug|x64.ActiveCfg = Debug|Any CPU
		{C1D88A06-36B1-4E49-9265-D95769D0C301}.Debug|x64.Build.0 = Debug|Any CPU
		{C1D88A06-36B1-4E49-9265-D95769D0C301}.Debug|x86.ActiveCfg = Debug|Any CPU
		{C1D88A06-36B1-4E49-9265-D95769D0C301}.Debug|x86.Build.0 = Debug|Any CPU
		{C1D88A06-36B1-4E49-9265-D95769D0C301}.Release|Any CPU.ActiveCfg = Release|Any CPU
		{C1D88A06-36B1-4E49-9265-D95769D0C301}.Release|Any CPU.Build.0 = Release|Any CPU
		{C1D88A06-36B1-4E49-9265-D95769D0C301}.Release|ARM.ActiveCfg = Release|Any CPU
		{C1D88A06-36B1-4E49-9265-D95769D0C301}.Release|ARM.Build.0 = Release|Any CPU
		{C1D88A06-36B1-4E49-9265-D95769D0C301}.Release|iPhone.ActiveCfg = Release|Any CPU
		{C1D88A06-36B1-4E49-9265-D95769D0C301}.Release|iPhone.Build.0 = Release|Any CPU
		{C1D88A06-36B1-4E49-9265-D95769D0C301}.Release|iPhoneSimulator.ActiveCfg = Release|Any CPU
		{C1D88A06-36B1-4E49-9265-D95769D0C301}.Release|iPhoneSimulator.Build.0 = Release|Any CPU
		{C1D88A06-36B1-4E49-9265-D95769D0C301}.Release|x64.ActiveCfg = Release|Any CPU
		{C1D88A06-36B1-4E49-9265-D95769D0C301}.Release|x64.Build.0 = Release|Any CPU
		{C1D88A06-36B1-4E49-9265-D95769D0C301}.Release|x86.ActiveCfg = Release|Any CPU
		{C1D88A06-36B1-4E49-9265-D95769D0C301}.Release|x86.Build.0 = Release|Any CPU
		{57138905-D62B-4B2C-A3FF-8BBF8982B8E7}.Ad-Hoc|Any CPU.ActiveCfg = Release|Any CPU
		{57138905-D62B-4B2C-A3FF-8BBF8982B8E7}.Ad-Hoc|Any CPU.Build.0 = Release|Any CPU
		{57138905-D62B-4B2C-A3FF-8BBF8982B8E7}.Ad-Hoc|Any CPU.Deploy.0 = Release|Any CPU
		{57138905-D62B-4B2C-A3FF-8BBF8982B8E7}.Ad-Hoc|ARM.ActiveCfg = Release|Any CPU
		{57138905-D62B-4B2C-A3FF-8BBF8982B8E7}.Ad-Hoc|ARM.Build.0 = Release|Any CPU
		{57138905-D62B-4B2C-A3FF-8BBF8982B8E7}.Ad-Hoc|ARM.Deploy.0 = Release|Any CPU
		{57138905-D62B-4B2C-A3FF-8BBF8982B8E7}.Ad-Hoc|iPhone.ActiveCfg = Release|Any CPU
		{57138905-D62B-4B2C-A3FF-8BBF8982B8E7}.Ad-Hoc|iPhone.Build.0 = Release|Any CPU
		{57138905-D62B-4B2C-A3FF-8BBF8982B8E7}.Ad-Hoc|iPhone.Deploy.0 = Release|Any CPU
		{57138905-D62B-4B2C-A3FF-8BBF8982B8E7}.Ad-Hoc|iPhoneSimulator.ActiveCfg = Release|Any CPU
		{57138905-D62B-4B2C-A3FF-8BBF8982B8E7}.Ad-Hoc|iPhoneSimulator.Build.0 = Release|Any CPU
		{57138905-D62B-4B2C-A3FF-8BBF8982B8E7}.Ad-Hoc|iPhoneSimulator.Deploy.0 = Release|Any CPU
		{57138905-D62B-4B2C-A3FF-8BBF8982B8E7}.Ad-Hoc|x64.ActiveCfg = Release|Any CPU
		{57138905-D62B-4B2C-A3FF-8BBF8982B8E7}.Ad-Hoc|x64.Build.0 = Release|Any CPU
		{57138905-D62B-4B2C-A3FF-8BBF8982B8E7}.Ad-Hoc|x64.Deploy.0 = Release|Any CPU
		{57138905-D62B-4B2C-A3FF-8BBF8982B8E7}.Ad-Hoc|x86.ActiveCfg = Release|Any CPU
		{57138905-D62B-4B2C-A3FF-8BBF8982B8E7}.Ad-Hoc|x86.Build.0 = Release|Any CPU
		{57138905-D62B-4B2C-A3FF-8BBF8982B8E7}.Ad-Hoc|x86.Deploy.0 = Release|Any CPU
		{57138905-D62B-4B2C-A3FF-8BBF8982B8E7}.AppStore|Any CPU.ActiveCfg = Release|Any CPU
		{57138905-D62B-4B2C-A3FF-8BBF8982B8E7}.AppStore|Any CPU.Build.0 = Release|Any CPU
		{57138905-D62B-4B2C-A3FF-8BBF8982B8E7}.AppStore|Any CPU.Deploy.0 = Release|Any CPU
		{57138905-D62B-4B2C-A3FF-8BBF8982B8E7}.AppStore|ARM.ActiveCfg = Release|Any CPU
		{57138905-D62B-4B2C-A3FF-8BBF8982B8E7}.AppStore|ARM.Build.0 = Release|Any CPU
		{57138905-D62B-4B2C-A3FF-8BBF8982B8E7}.AppStore|ARM.Deploy.0 = Release|Any CPU
		{57138905-D62B-4B2C-A3FF-8BBF8982B8E7}.AppStore|iPhone.ActiveCfg = Release|Any CPU
		{57138905-D62B-4B2C-A3FF-8BBF8982B8E7}.AppStore|iPhone.Build.0 = Release|Any CPU
		{57138905-D62B-4B2C-A3FF-8BBF8982B8E7}.AppStore|iPhone.Deploy.0 = Release|Any CPU
		{57138905-D62B-4B2C-A3FF-8BBF8982B8E7}.AppStore|iPhoneSimulator.ActiveCfg = Release|Any CPU
		{57138905-D62B-4B2C-A3FF-8BBF8982B8E7}.AppStore|iPhoneSimulator.Build.0 = Release|Any CPU
		{57138905-D62B-4B2C-A3FF-8BBF8982B8E7}.AppStore|iPhoneSimulator.Deploy.0 = Release|Any CPU
		{57138905-D62B-4B2C-A3FF-8BBF8982B8E7}.AppStore|x64.ActiveCfg = Release|Any CPU
		{57138905-D62B-4B2C-A3FF-8BBF8982B8E7}.AppStore|x64.Build.0 = Release|Any CPU
		{57138905-D62B-4B2C-A3FF-8BBF8982B8E7}.AppStore|x64.Deploy.0 = Release|Any CPU
		{57138905-D62B-4B2C-A3FF-8BBF8982B8E7}.AppStore|x86.ActiveCfg = Release|Any CPU
		{57138905-D62B-4B2C-A3FF-8BBF8982B8E7}.AppStore|x86.Build.0 = Release|Any CPU
		{57138905-D62B-4B2C-A3FF-8BBF8982B8E7}.AppStore|x86.Deploy.0 = Release|Any CPU
		{57138905-D62B-4B2C-A3FF-8BBF8982B8E7}.Debug|Any CPU.ActiveCfg = Debug|Any CPU
		{57138905-D62B-4B2C-A3FF-8BBF8982B8E7}.Debug|Any CPU.Build.0 = Debug|Any CPU
		{57138905-D62B-4B2C-A3FF-8BBF8982B8E7}.Debug|Any CPU.Deploy.0 = Debug|Any CPU
		{57138905-D62B-4B2C-A3FF-8BBF8982B8E7}.Debug|ARM.ActiveCfg = Debug|Any CPU
		{57138905-D62B-4B2C-A3FF-8BBF8982B8E7}.Debug|ARM.Build.0 = Debug|Any CPU
		{57138905-D62B-4B2C-A3FF-8BBF8982B8E7}.Debug|ARM.Deploy.0 = Debug|Any CPU
		{57138905-D62B-4B2C-A3FF-8BBF8982B8E7}.Debug|iPhone.ActiveCfg = Debug|Any CPU
		{57138905-D62B-4B2C-A3FF-8BBF8982B8E7}.Debug|iPhone.Build.0 = Debug|Any CPU
		{57138905-D62B-4B2C-A3FF-8BBF8982B8E7}.Debug|iPhone.Deploy.0 = Debug|Any CPU
		{57138905-D62B-4B2C-A3FF-8BBF8982B8E7}.Debug|iPhoneSimulator.ActiveCfg = Debug|Any CPU
		{57138905-D62B-4B2C-A3FF-8BBF8982B8E7}.Debug|iPhoneSimulator.Build.0 = Debug|Any CPU
		{57138905-D62B-4B2C-A3FF-8BBF8982B8E7}.Debug|iPhoneSimulator.Deploy.0 = Debug|Any CPU
		{57138905-D62B-4B2C-A3FF-8BBF8982B8E7}.Debug|x64.ActiveCfg = Debug|Any CPU
		{57138905-D62B-4B2C-A3FF-8BBF8982B8E7}.Debug|x64.Build.0 = Debug|Any CPU
		{57138905-D62B-4B2C-A3FF-8BBF8982B8E7}.Debug|x64.Deploy.0 = Debug|Any CPU
		{57138905-D62B-4B2C-A3FF-8BBF8982B8E7}.Debug|x86.ActiveCfg = Debug|Any CPU
		{57138905-D62B-4B2C-A3FF-8BBF8982B8E7}.Debug|x86.Build.0 = Debug|Any CPU
		{57138905-D62B-4B2C-A3FF-8BBF8982B8E7}.Debug|x86.Deploy.0 = Debug|Any CPU
		{57138905-D62B-4B2C-A3FF-8BBF8982B8E7}.Release|Any CPU.ActiveCfg = Release|Any CPU
		{57138905-D62B-4B2C-A3FF-8BBF8982B8E7}.Release|Any CPU.Build.0 = Release|Any CPU
		{57138905-D62B-4B2C-A3FF-8BBF8982B8E7}.Release|Any CPU.Deploy.0 = Release|Any CPU
		{57138905-D62B-4B2C-A3FF-8BBF8982B8E7}.Release|ARM.ActiveCfg = Release|Any CPU
		{57138905-D62B-4B2C-A3FF-8BBF8982B8E7}.Release|ARM.Build.0 = Release|Any CPU
		{57138905-D62B-4B2C-A3FF-8BBF8982B8E7}.Release|ARM.Deploy.0 = Release|Any CPU
		{57138905-D62B-4B2C-A3FF-8BBF8982B8E7}.Release|iPhone.ActiveCfg = Release|Any CPU
		{57138905-D62B-4B2C-A3FF-8BBF8982B8E7}.Release|iPhone.Build.0 = Release|Any CPU
		{57138905-D62B-4B2C-A3FF-8BBF8982B8E7}.Release|iPhone.Deploy.0 = Release|Any CPU
		{57138905-D62B-4B2C-A3FF-8BBF8982B8E7}.Release|iPhoneSimulator.ActiveCfg = Release|Any CPU
		{57138905-D62B-4B2C-A3FF-8BBF8982B8E7}.Release|iPhoneSimulator.Build.0 = Release|Any CPU
		{57138905-D62B-4B2C-A3FF-8BBF8982B8E7}.Release|iPhoneSimulator.Deploy.0 = Release|Any CPU
		{57138905-D62B-4B2C-A3FF-8BBF8982B8E7}.Release|x64.ActiveCfg = Release|Any CPU
		{57138905-D62B-4B2C-A3FF-8BBF8982B8E7}.Release|x64.Build.0 = Release|Any CPU
		{57138905-D62B-4B2C-A3FF-8BBF8982B8E7}.Release|x64.Deploy.0 = Release|Any CPU
		{57138905-D62B-4B2C-A3FF-8BBF8982B8E7}.Release|x86.ActiveCfg = Release|Any CPU
		{57138905-D62B-4B2C-A3FF-8BBF8982B8E7}.Release|x86.Build.0 = Release|Any CPU
		{57138905-D62B-4B2C-A3FF-8BBF8982B8E7}.Release|x86.Deploy.0 = Release|Any CPU
		{FD7A7728-7E27-42B5-B985-44F90180BD51}.Ad-Hoc|Any CPU.ActiveCfg = Ad-Hoc|iPhone
		{FD7A7728-7E27-42B5-B985-44F90180BD51}.Ad-Hoc|ARM.ActiveCfg = Ad-Hoc|iPhone
		{FD7A7728-7E27-42B5-B985-44F90180BD51}.Ad-Hoc|iPhone.ActiveCfg = Ad-Hoc|iPhone
		{FD7A7728-7E27-42B5-B985-44F90180BD51}.Ad-Hoc|iPhone.Build.0 = Ad-Hoc|iPhone
		{FD7A7728-7E27-42B5-B985-44F90180BD51}.Ad-Hoc|iPhoneSimulator.ActiveCfg = Ad-Hoc|iPhoneSimulator
		{FD7A7728-7E27-42B5-B985-44F90180BD51}.Ad-Hoc|iPhoneSimulator.Build.0 = Ad-Hoc|iPhoneSimulator
		{FD7A7728-7E27-42B5-B985-44F90180BD51}.Ad-Hoc|x64.ActiveCfg = Ad-Hoc|iPhone
		{FD7A7728-7E27-42B5-B985-44F90180BD51}.Ad-Hoc|x86.ActiveCfg = Ad-Hoc|iPhone
		{FD7A7728-7E27-42B5-B985-44F90180BD51}.AppStore|Any CPU.ActiveCfg = AppStore|iPhone
		{FD7A7728-7E27-42B5-B985-44F90180BD51}.AppStore|ARM.ActiveCfg = AppStore|iPhone
		{FD7A7728-7E27-42B5-B985-44F90180BD51}.AppStore|iPhone.ActiveCfg = AppStore|iPhone
		{FD7A7728-7E27-42B5-B985-44F90180BD51}.AppStore|iPhone.Build.0 = AppStore|iPhone
		{FD7A7728-7E27-42B5-B985-44F90180BD51}.AppStore|iPhoneSimulator.ActiveCfg = AppStore|iPhoneSimulator
		{FD7A7728-7E27-42B5-B985-44F90180BD51}.AppStore|iPhoneSimulator.Build.0 = AppStore|iPhoneSimulator
		{FD7A7728-7E27-42B5-B985-44F90180BD51}.AppStore|x64.ActiveCfg = AppStore|iPhone
		{FD7A7728-7E27-42B5-B985-44F90180BD51}.AppStore|x86.ActiveCfg = AppStore|iPhone
		{FD7A7728-7E27-42B5-B985-44F90180BD51}.Debug|Any CPU.ActiveCfg = Debug|iPhone
		{FD7A7728-7E27-42B5-B985-44F90180BD51}.Debug|ARM.ActiveCfg = Debug|iPhone
		{FD7A7728-7E27-42B5-B985-44F90180BD51}.Debug|iPhone.ActiveCfg = Debug|iPhone
		{FD7A7728-7E27-42B5-B985-44F90180BD51}.Debug|iPhone.Build.0 = Debug|iPhone
		{FD7A7728-7E27-42B5-B985-44F90180BD51}.Debug|iPhoneSimulator.ActiveCfg = Debug|iPhoneSimulator
		{FD7A7728-7E27-42B5-B985-44F90180BD51}.Debug|iPhoneSimulator.Build.0 = Debug|iPhoneSimulator
		{FD7A7728-7E27-42B5-B985-44F90180BD51}.Debug|x64.ActiveCfg = Debug|iPhone
		{FD7A7728-7E27-42B5-B985-44F90180BD51}.Debug|x86.ActiveCfg = Debug|iPhone
		{FD7A7728-7E27-42B5-B985-44F90180BD51}.Release|Any CPU.ActiveCfg = Release|iPhone
		{FD7A7728-7E27-42B5-B985-44F90180BD51}.Release|ARM.ActiveCfg = Release|iPhone
		{FD7A7728-7E27-42B5-B985-44F90180BD51}.Release|iPhone.ActiveCfg = Release|iPhone
		{FD7A7728-7E27-42B5-B985-44F90180BD51}.Release|iPhone.Build.0 = Release|iPhone
		{FD7A7728-7E27-42B5-B985-44F90180BD51}.Release|iPhoneSimulator.ActiveCfg = Release|iPhoneSimulator
		{FD7A7728-7E27-42B5-B985-44F90180BD51}.Release|iPhoneSimulator.Build.0 = Release|iPhoneSimulator
		{FD7A7728-7E27-42B5-B985-44F90180BD51}.Release|x64.ActiveCfg = Release|iPhone
		{FD7A7728-7E27-42B5-B985-44F90180BD51}.Release|x86.ActiveCfg = Release|iPhone
		{624BF128-F6F4-479E-9FE2-63210F818F20}.Ad-Hoc|Any CPU.ActiveCfg = Release|x86
		{624BF128-F6F4-479E-9FE2-63210F818F20}.Ad-Hoc|Any CPU.Build.0 = Release|x86
		{624BF128-F6F4-479E-9FE2-63210F818F20}.Ad-Hoc|Any CPU.Deploy.0 = Release|x86
		{624BF128-F6F4-479E-9FE2-63210F818F20}.Ad-Hoc|ARM.ActiveCfg = Release|ARM
		{624BF128-F6F4-479E-9FE2-63210F818F20}.Ad-Hoc|ARM.Build.0 = Release|ARM
		{624BF128-F6F4-479E-9FE2-63210F818F20}.Ad-Hoc|ARM.Deploy.0 = Release|ARM
		{624BF128-F6F4-479E-9FE2-63210F818F20}.Ad-Hoc|iPhone.ActiveCfg = Release|x86
		{624BF128-F6F4-479E-9FE2-63210F818F20}.Ad-Hoc|iPhone.Build.0 = Release|x86
		{624BF128-F6F4-479E-9FE2-63210F818F20}.Ad-Hoc|iPhone.Deploy.0 = Release|x86
		{624BF128-F6F4-479E-9FE2-63210F818F20}.Ad-Hoc|iPhoneSimulator.ActiveCfg = Release|x86
		{624BF128-F6F4-479E-9FE2-63210F818F20}.Ad-Hoc|iPhoneSimulator.Build.0 = Release|x86
		{624BF128-F6F4-479E-9FE2-63210F818F20}.Ad-Hoc|iPhoneSimulator.Deploy.0 = Release|x86
		{624BF128-F6F4-479E-9FE2-63210F818F20}.Ad-Hoc|x64.ActiveCfg = Release|x64
		{624BF128-F6F4-479E-9FE2-63210F818F20}.Ad-Hoc|x64.Build.0 = Release|x64
		{624BF128-F6F4-479E-9FE2-63210F818F20}.Ad-Hoc|x64.Deploy.0 = Release|x64
		{624BF128-F6F4-479E-9FE2-63210F818F20}.Ad-Hoc|x86.ActiveCfg = Release|x86
		{624BF128-F6F4-479E-9FE2-63210F818F20}.Ad-Hoc|x86.Build.0 = Release|x86
		{624BF128-F6F4-479E-9FE2-63210F818F20}.Ad-Hoc|x86.Deploy.0 = Release|x86
		{624BF128-F6F4-479E-9FE2-63210F818F20}.AppStore|Any CPU.ActiveCfg = Release|x86
		{624BF128-F6F4-479E-9FE2-63210F818F20}.AppStore|Any CPU.Build.0 = Release|x86
		{624BF128-F6F4-479E-9FE2-63210F818F20}.AppStore|Any CPU.Deploy.0 = Release|x86
		{624BF128-F6F4-479E-9FE2-63210F818F20}.AppStore|ARM.ActiveCfg = Release|ARM
		{624BF128-F6F4-479E-9FE2-63210F818F20}.AppStore|ARM.Build.0 = Release|ARM
		{624BF128-F6F4-479E-9FE2-63210F818F20}.AppStore|ARM.Deploy.0 = Release|ARM
		{624BF128-F6F4-479E-9FE2-63210F818F20}.AppStore|iPhone.ActiveCfg = Release|x86
		{624BF128-F6F4-479E-9FE2-63210F818F20}.AppStore|iPhone.Build.0 = Release|x86
		{624BF128-F6F4-479E-9FE2-63210F818F20}.AppStore|iPhone.Deploy.0 = Release|x86
		{624BF128-F6F4-479E-9FE2-63210F818F20}.AppStore|iPhoneSimulator.ActiveCfg = Release|x86
		{624BF128-F6F4-479E-9FE2-63210F818F20}.AppStore|iPhoneSimulator.Build.0 = Release|x86
		{624BF128-F6F4-479E-9FE2-63210F818F20}.AppStore|iPhoneSimulator.Deploy.0 = Release|x86
		{624BF128-F6F4-479E-9FE2-63210F818F20}.AppStore|x64.ActiveCfg = Release|x64
		{624BF128-F6F4-479E-9FE2-63210F818F20}.AppStore|x64.Build.0 = Release|x64
		{624BF128-F6F4-479E-9FE2-63210F818F20}.AppStore|x64.Deploy.0 = Release|x64
		{624BF128-F6F4-479E-9FE2-63210F818F20}.AppStore|x86.ActiveCfg = Release|x86
		{624BF128-F6F4-479E-9FE2-63210F818F20}.AppStore|x86.Build.0 = Release|x86
		{624BF128-F6F4-479E-9FE2-63210F818F20}.AppStore|x86.Deploy.0 = Release|x86
		{624BF128-F6F4-479E-9FE2-63210F818F20}.Debug|Any CPU.ActiveCfg = Debug|x86
		{624BF128-F6F4-479E-9FE2-63210F818F20}.Debug|Any CPU.Build.0 = Debug|x86
		{624BF128-F6F4-479E-9FE2-63210F818F20}.Debug|Any CPU.Deploy.0 = Debug|x86
		{624BF128-F6F4-479E-9FE2-63210F818F20}.Debug|ARM.ActiveCfg = Debug|ARM
		{624BF128-F6F4-479E-9FE2-63210F818F20}.Debug|ARM.Build.0 = Debug|ARM
		{624BF128-F6F4-479E-9FE2-63210F818F20}.Debug|ARM.Deploy.0 = Debug|ARM
		{624BF128-F6F4-479E-9FE2-63210F818F20}.Debug|iPhone.ActiveCfg = Debug|x86
		{624BF128-F6F4-479E-9FE2-63210F818F20}.Debug|iPhone.Build.0 = Debug|x86
		{624BF128-F6F4-479E-9FE2-63210F818F20}.Debug|iPhone.Deploy.0 = Debug|x86
		{624BF128-F6F4-479E-9FE2-63210F818F20}.Debug|iPhoneSimulator.ActiveCfg = Debug|x86
		{624BF128-F6F4-479E-9FE2-63210F818F20}.Debug|x64.ActiveCfg = Debug|x64
		{624BF128-F6F4-479E-9FE2-63210F818F20}.Debug|x64.Build.0 = Debug|x64
		{624BF128-F6F4-479E-9FE2-63210F818F20}.Debug|x64.Deploy.0 = Debug|x64
		{624BF128-F6F4-479E-9FE2-63210F818F20}.Debug|x86.ActiveCfg = Debug|x86
		{624BF128-F6F4-479E-9FE2-63210F818F20}.Debug|x86.Build.0 = Debug|x86
		{624BF128-F6F4-479E-9FE2-63210F818F20}.Debug|x86.Deploy.0 = Debug|x86
		{624BF128-F6F4-479E-9FE2-63210F818F20}.Release|Any CPU.ActiveCfg = Release|x86
		{624BF128-F6F4-479E-9FE2-63210F818F20}.Release|ARM.ActiveCfg = Release|ARM
		{624BF128-F6F4-479E-9FE2-63210F818F20}.Release|ARM.Build.0 = Release|ARM
		{624BF128-F6F4-479E-9FE2-63210F818F20}.Release|ARM.Deploy.0 = Release|ARM
		{624BF128-F6F4-479E-9FE2-63210F818F20}.Release|iPhone.ActiveCfg = Release|x86
		{624BF128-F6F4-479E-9FE2-63210F818F20}.Release|iPhoneSimulator.ActiveCfg = Release|x86
		{624BF128-F6F4-479E-9FE2-63210F818F20}.Release|x64.ActiveCfg = Release|x64
		{624BF128-F6F4-479E-9FE2-63210F818F20}.Release|x64.Build.0 = Release|x64
		{624BF128-F6F4-479E-9FE2-63210F818F20}.Release|x64.Deploy.0 = Release|x64
		{624BF128-F6F4-479E-9FE2-63210F818F20}.Release|x86.ActiveCfg = Release|x86
		{624BF128-F6F4-479E-9FE2-63210F818F20}.Release|x86.Build.0 = Release|x86
		{624BF128-F6F4-479E-9FE2-63210F818F20}.Release|x86.Deploy.0 = Release|x86
		{845AD315-4938-48B4-98BF-88A6A1198A4E}.Ad-Hoc|Any CPU.ActiveCfg = Release|Any CPU
		{845AD315-4938-48B4-98BF-88A6A1198A4E}.Ad-Hoc|Any CPU.Build.0 = Release|Any CPU
		{845AD315-4938-48B4-98BF-88A6A1198A4E}.Ad-Hoc|ARM.ActiveCfg = Release|Any CPU
		{845AD315-4938-48B4-98BF-88A6A1198A4E}.Ad-Hoc|ARM.Build.0 = Release|Any CPU
		{845AD315-4938-48B4-98BF-88A6A1198A4E}.Ad-Hoc|iPhone.ActiveCfg = Release|Any CPU
		{845AD315-4938-48B4-98BF-88A6A1198A4E}.Ad-Hoc|iPhone.Build.0 = Release|Any CPU
		{845AD315-4938-48B4-98BF-88A6A1198A4E}.Ad-Hoc|iPhoneSimulator.ActiveCfg = Release|Any CPU
		{845AD315-4938-48B4-98BF-88A6A1198A4E}.Ad-Hoc|iPhoneSimulator.Build.0 = Release|Any CPU
		{845AD315-4938-48B4-98BF-88A6A1198A4E}.Ad-Hoc|x64.ActiveCfg = Release|Any CPU
		{845AD315-4938-48B4-98BF-88A6A1198A4E}.Ad-Hoc|x64.Build.0 = Release|Any CPU
		{845AD315-4938-48B4-98BF-88A6A1198A4E}.Ad-Hoc|x86.ActiveCfg = Release|Any CPU
		{845AD315-4938-48B4-98BF-88A6A1198A4E}.Ad-Hoc|x86.Build.0 = Release|Any CPU
		{845AD315-4938-48B4-98BF-88A6A1198A4E}.AppStore|Any CPU.ActiveCfg = Release|Any CPU
		{845AD315-4938-48B4-98BF-88A6A1198A4E}.AppStore|Any CPU.Build.0 = Release|Any CPU
		{845AD315-4938-48B4-98BF-88A6A1198A4E}.AppStore|ARM.ActiveCfg = Release|Any CPU
		{845AD315-4938-48B4-98BF-88A6A1198A4E}.AppStore|ARM.Build.0 = Release|Any CPU
		{845AD315-4938-48B4-98BF-88A6A1198A4E}.AppStore|iPhone.ActiveCfg = Release|Any CPU
		{845AD315-4938-48B4-98BF-88A6A1198A4E}.AppStore|iPhone.Build.0 = Release|Any CPU
		{845AD315-4938-48B4-98BF-88A6A1198A4E}.AppStore|iPhoneSimulator.ActiveCfg = Release|Any CPU
		{845AD315-4938-48B4-98BF-88A6A1198A4E}.AppStore|iPhoneSimulator.Build.0 = Release|Any CPU
		{845AD315-4938-48B4-98BF-88A6A1198A4E}.AppStore|x64.ActiveCfg = Release|Any CPU
		{845AD315-4938-48B4-98BF-88A6A1198A4E}.AppStore|x64.Build.0 = Release|Any CPU
		{845AD315-4938-48B4-98BF-88A6A1198A4E}.AppStore|x86.ActiveCfg = Release|Any CPU
		{845AD315-4938-48B4-98BF-88A6A1198A4E}.AppStore|x86.Build.0 = Release|Any CPU
		{845AD315-4938-48B4-98BF-88A6A1198A4E}.Debug|Any CPU.ActiveCfg = Debug|Any CPU
		{845AD315-4938-48B4-98BF-88A6A1198A4E}.Debug|Any CPU.Build.0 = Debug|Any CPU
		{845AD315-4938-48B4-98BF-88A6A1198A4E}.Debug|ARM.ActiveCfg = Debug|Any CPU
		{845AD315-4938-48B4-98BF-88A6A1198A4E}.Debug|ARM.Build.0 = Debug|Any CPU
		{845AD315-4938-48B4-98BF-88A6A1198A4E}.Debug|iPhone.ActiveCfg = Debug|Any CPU
		{845AD315-4938-48B4-98BF-88A6A1198A4E}.Debug|iPhone.Build.0 = Debug|Any CPU
		{845AD315-4938-48B4-98BF-88A6A1198A4E}.Debug|iPhoneSimulator.ActiveCfg = Debug|Any CPU
		{845AD315-4938-48B4-98BF-88A6A1198A4E}.Debug|iPhoneSimulator.Build.0 = Debug|Any CPU
		{845AD315-4938-48B4-98BF-88A6A1198A4E}.Debug|x64.ActiveCfg = Debug|Any CPU
		{845AD315-4938-48B4-98BF-88A6A1198A4E}.Debug|x64.Build.0 = Debug|Any CPU
		{845AD315-4938-48B4-98BF-88A6A1198A4E}.Debug|x86.ActiveCfg = Debug|Any CPU
		{845AD315-4938-48B4-98BF-88A6A1198A4E}.Debug|x86.Build.0 = Debug|Any CPU
		{845AD315-4938-48B4-98BF-88A6A1198A4E}.Release|Any CPU.ActiveCfg = Release|Any CPU
		{845AD315-4938-48B4-98BF-88A6A1198A4E}.Release|Any CPU.Build.0 = Release|Any CPU
		{845AD315-4938-48B4-98BF-88A6A1198A4E}.Release|ARM.ActiveCfg = Release|Any CPU
		{845AD315-4938-48B4-98BF-88A6A1198A4E}.Release|ARM.Build.0 = Release|Any CPU
		{845AD315-4938-48B4-98BF-88A6A1198A4E}.Release|iPhone.ActiveCfg = Release|Any CPU
		{845AD315-4938-48B4-98BF-88A6A1198A4E}.Release|iPhone.Build.0 = Release|Any CPU
		{845AD315-4938-48B4-98BF-88A6A1198A4E}.Release|iPhoneSimulator.ActiveCfg = Release|Any CPU
		{845AD315-4938-48B4-98BF-88A6A1198A4E}.Release|iPhoneSimulator.Build.0 = Release|Any CPU
		{845AD315-4938-48B4-98BF-88A6A1198A4E}.Release|x64.ActiveCfg = Release|Any CPU
		{845AD315-4938-48B4-98BF-88A6A1198A4E}.Release|x64.Build.0 = Release|Any CPU
		{845AD315-4938-48B4-98BF-88A6A1198A4E}.Release|x86.ActiveCfg = Release|Any CPU
		{845AD315-4938-48B4-98BF-88A6A1198A4E}.Release|x86.Build.0 = Release|Any CPU
		{A93EDF2D-6663-4453-8DC8-27DAE20A9C21}.Ad-Hoc|Any CPU.ActiveCfg = Release|Any CPU
		{A93EDF2D-6663-4453-8DC8-27DAE20A9C21}.Ad-Hoc|Any CPU.Build.0 = Release|Any CPU
		{A93EDF2D-6663-4453-8DC8-27DAE20A9C21}.Ad-Hoc|Any CPU.Deploy.0 = Release|Any CPU
		{A93EDF2D-6663-4453-8DC8-27DAE20A9C21}.Ad-Hoc|ARM.ActiveCfg = Release|Any CPU
		{A93EDF2D-6663-4453-8DC8-27DAE20A9C21}.Ad-Hoc|ARM.Build.0 = Release|Any CPU
		{A93EDF2D-6663-4453-8DC8-27DAE20A9C21}.Ad-Hoc|ARM.Deploy.0 = Release|Any CPU
		{A93EDF2D-6663-4453-8DC8-27DAE20A9C21}.Ad-Hoc|iPhone.ActiveCfg = Release|Any CPU
		{A93EDF2D-6663-4453-8DC8-27DAE20A9C21}.Ad-Hoc|iPhone.Build.0 = Release|Any CPU
		{A93EDF2D-6663-4453-8DC8-27DAE20A9C21}.Ad-Hoc|iPhone.Deploy.0 = Release|Any CPU
		{A93EDF2D-6663-4453-8DC8-27DAE20A9C21}.Ad-Hoc|iPhoneSimulator.ActiveCfg = Release|Any CPU
		{A93EDF2D-6663-4453-8DC8-27DAE20A9C21}.Ad-Hoc|iPhoneSimulator.Build.0 = Release|Any CPU
		{A93EDF2D-6663-4453-8DC8-27DAE20A9C21}.Ad-Hoc|iPhoneSimulator.Deploy.0 = Release|Any CPU
		{A93EDF2D-6663-4453-8DC8-27DAE20A9C21}.Ad-Hoc|x64.ActiveCfg = Release|Any CPU
		{A93EDF2D-6663-4453-8DC8-27DAE20A9C21}.Ad-Hoc|x64.Build.0 = Release|Any CPU
		{A93EDF2D-6663-4453-8DC8-27DAE20A9C21}.Ad-Hoc|x64.Deploy.0 = Release|Any CPU
		{A93EDF2D-6663-4453-8DC8-27DAE20A9C21}.Ad-Hoc|x86.ActiveCfg = Release|Any CPU
		{A93EDF2D-6663-4453-8DC8-27DAE20A9C21}.Ad-Hoc|x86.Build.0 = Release|Any CPU
		{A93EDF2D-6663-4453-8DC8-27DAE20A9C21}.Ad-Hoc|x86.Deploy.0 = Release|Any CPU
		{A93EDF2D-6663-4453-8DC8-27DAE20A9C21}.AppStore|Any CPU.ActiveCfg = Release|Any CPU
		{A93EDF2D-6663-4453-8DC8-27DAE20A9C21}.AppStore|Any CPU.Build.0 = Release|Any CPU
		{A93EDF2D-6663-4453-8DC8-27DAE20A9C21}.AppStore|Any CPU.Deploy.0 = Release|Any CPU
		{A93EDF2D-6663-4453-8DC8-27DAE20A9C21}.AppStore|ARM.ActiveCfg = Release|Any CPU
		{A93EDF2D-6663-4453-8DC8-27DAE20A9C21}.AppStore|ARM.Build.0 = Release|Any CPU
		{A93EDF2D-6663-4453-8DC8-27DAE20A9C21}.AppStore|ARM.Deploy.0 = Release|Any CPU
		{A93EDF2D-6663-4453-8DC8-27DAE20A9C21}.AppStore|iPhone.ActiveCfg = Release|Any CPU
		{A93EDF2D-6663-4453-8DC8-27DAE20A9C21}.AppStore|iPhone.Build.0 = Release|Any CPU
		{A93EDF2D-6663-4453-8DC8-27DAE20A9C21}.AppStore|iPhone.Deploy.0 = Release|Any CPU
		{A93EDF2D-6663-4453-8DC8-27DAE20A9C21}.AppStore|iPhoneSimulator.ActiveCfg = Release|Any CPU
		{A93EDF2D-6663-4453-8DC8-27DAE20A9C21}.AppStore|iPhoneSimulator.Build.0 = Release|Any CPU
		{A93EDF2D-6663-4453-8DC8-27DAE20A9C21}.AppStore|iPhoneSimulator.Deploy.0 = Release|Any CPU
		{A93EDF2D-6663-4453-8DC8-27DAE20A9C21}.AppStore|x64.ActiveCfg = Release|Any CPU
		{A93EDF2D-6663-4453-8DC8-27DAE20A9C21}.AppStore|x64.Build.0 = Release|Any CPU
		{A93EDF2D-6663-4453-8DC8-27DAE20A9C21}.AppStore|x64.Deploy.0 = Release|Any CPU
		{A93EDF2D-6663-4453-8DC8-27DAE20A9C21}.AppStore|x86.ActiveCfg = Release|Any CPU
		{A93EDF2D-6663-4453-8DC8-27DAE20A9C21}.AppStore|x86.Build.0 = Release|Any CPU
		{A93EDF2D-6663-4453-8DC8-27DAE20A9C21}.AppStore|x86.Deploy.0 = Release|Any CPU
		{A93EDF2D-6663-4453-8DC8-27DAE20A9C21}.Debug|Any CPU.ActiveCfg = Debug|Any CPU
		{A93EDF2D-6663-4453-8DC8-27DAE20A9C21}.Debug|Any CPU.Build.0 = Debug|Any CPU
		{A93EDF2D-6663-4453-8DC8-27DAE20A9C21}.Debug|Any CPU.Deploy.0 = Debug|Any CPU
		{A93EDF2D-6663-4453-8DC8-27DAE20A9C21}.Debug|ARM.ActiveCfg = Debug|Any CPU
		{A93EDF2D-6663-4453-8DC8-27DAE20A9C21}.Debug|ARM.Build.0 = Debug|Any CPU
		{A93EDF2D-6663-4453-8DC8-27DAE20A9C21}.Debug|ARM.Deploy.0 = Debug|Any CPU
		{A93EDF2D-6663-4453-8DC8-27DAE20A9C21}.Debug|iPhone.ActiveCfg = Debug|Any CPU
		{A93EDF2D-6663-4453-8DC8-27DAE20A9C21}.Debug|iPhone.Build.0 = Debug|Any CPU
		{A93EDF2D-6663-4453-8DC8-27DAE20A9C21}.Debug|iPhone.Deploy.0 = Debug|Any CPU
		{A93EDF2D-6663-4453-8DC8-27DAE20A9C21}.Debug|iPhoneSimulator.ActiveCfg = Debug|Any CPU
		{A93EDF2D-6663-4453-8DC8-27DAE20A9C21}.Debug|iPhoneSimulator.Build.0 = Debug|Any CPU
		{A93EDF2D-6663-4453-8DC8-27DAE20A9C21}.Debug|iPhoneSimulator.Deploy.0 = Debug|Any CPU
		{A93EDF2D-6663-4453-8DC8-27DAE20A9C21}.Debug|x64.ActiveCfg = Debug|Any CPU
		{A93EDF2D-6663-4453-8DC8-27DAE20A9C21}.Debug|x64.Build.0 = Debug|Any CPU
		{A93EDF2D-6663-4453-8DC8-27DAE20A9C21}.Debug|x64.Deploy.0 = Debug|Any CPU
		{A93EDF2D-6663-4453-8DC8-27DAE20A9C21}.Debug|x86.ActiveCfg = Debug|Any CPU
		{A93EDF2D-6663-4453-8DC8-27DAE20A9C21}.Debug|x86.Build.0 = Debug|Any CPU
		{A93EDF2D-6663-4453-8DC8-27DAE20A9C21}.Debug|x86.Deploy.0 = Debug|Any CPU
		{A93EDF2D-6663-4453-8DC8-27DAE20A9C21}.Release|Any CPU.ActiveCfg = Release|Any CPU
		{A93EDF2D-6663-4453-8DC8-27DAE20A9C21}.Release|Any CPU.Build.0 = Release|Any CPU
		{A93EDF2D-6663-4453-8DC8-27DAE20A9C21}.Release|Any CPU.Deploy.0 = Release|Any CPU
		{A93EDF2D-6663-4453-8DC8-27DAE20A9C21}.Release|ARM.ActiveCfg = Release|Any CPU
		{A93EDF2D-6663-4453-8DC8-27DAE20A9C21}.Release|ARM.Build.0 = Release|Any CPU
		{A93EDF2D-6663-4453-8DC8-27DAE20A9C21}.Release|ARM.Deploy.0 = Release|Any CPU
		{A93EDF2D-6663-4453-8DC8-27DAE20A9C21}.Release|iPhone.ActiveCfg = Release|Any CPU
		{A93EDF2D-6663-4453-8DC8-27DAE20A9C21}.Release|iPhone.Build.0 = Release|Any CPU
		{A93EDF2D-6663-4453-8DC8-27DAE20A9C21}.Release|iPhone.Deploy.0 = Release|Any CPU
		{A93EDF2D-6663-4453-8DC8-27DAE20A9C21}.Release|iPhoneSimulator.ActiveCfg = Release|Any CPU
		{A93EDF2D-6663-4453-8DC8-27DAE20A9C21}.Release|iPhoneSimulator.Build.0 = Release|Any CPU
		{A93EDF2D-6663-4453-8DC8-27DAE20A9C21}.Release|iPhoneSimulator.Deploy.0 = Release|Any CPU
		{A93EDF2D-6663-4453-8DC8-27DAE20A9C21}.Release|x64.ActiveCfg = Release|Any CPU
		{A93EDF2D-6663-4453-8DC8-27DAE20A9C21}.Release|x64.Build.0 = Release|Any CPU
		{A93EDF2D-6663-4453-8DC8-27DAE20A9C21}.Release|x64.Deploy.0 = Release|Any CPU
		{A93EDF2D-6663-4453-8DC8-27DAE20A9C21}.Release|x86.ActiveCfg = Release|Any CPU
		{A93EDF2D-6663-4453-8DC8-27DAE20A9C21}.Release|x86.Build.0 = Release|Any CPU
		{A93EDF2D-6663-4453-8DC8-27DAE20A9C21}.Release|x86.Deploy.0 = Release|Any CPU
		{C697D365-7A39-4CB6-A07D-45406FA04206}.Ad-Hoc|Any CPU.ActiveCfg = Release|iPhone
		{C697D365-7A39-4CB6-A07D-45406FA04206}.Ad-Hoc|Any CPU.Build.0 = Release|iPhone
		{C697D365-7A39-4CB6-A07D-45406FA04206}.Ad-Hoc|ARM.ActiveCfg = Release|iPhone
		{C697D365-7A39-4CB6-A07D-45406FA04206}.Ad-Hoc|ARM.Build.0 = Release|iPhone
		{C697D365-7A39-4CB6-A07D-45406FA04206}.Ad-Hoc|iPhone.ActiveCfg = Release|iPhone
		{C697D365-7A39-4CB6-A07D-45406FA04206}.Ad-Hoc|iPhone.Build.0 = Release|iPhone
		{C697D365-7A39-4CB6-A07D-45406FA04206}.Ad-Hoc|iPhoneSimulator.ActiveCfg = Release|iPhoneSimulator
		{C697D365-7A39-4CB6-A07D-45406FA04206}.Ad-Hoc|iPhoneSimulator.Build.0 = Release|iPhoneSimulator
		{C697D365-7A39-4CB6-A07D-45406FA04206}.Ad-Hoc|x64.ActiveCfg = Release|iPhone
		{C697D365-7A39-4CB6-A07D-45406FA04206}.Ad-Hoc|x64.Build.0 = Release|iPhone
		{C697D365-7A39-4CB6-A07D-45406FA04206}.Ad-Hoc|x86.ActiveCfg = Release|iPhone
		{C697D365-7A39-4CB6-A07D-45406FA04206}.Ad-Hoc|x86.Build.0 = Release|iPhone
		{C697D365-7A39-4CB6-A07D-45406FA04206}.AppStore|Any CPU.ActiveCfg = Release|iPhone
		{C697D365-7A39-4CB6-A07D-45406FA04206}.AppStore|Any CPU.Build.0 = Release|iPhone
		{C697D365-7A39-4CB6-A07D-45406FA04206}.AppStore|ARM.ActiveCfg = Release|iPhone
		{C697D365-7A39-4CB6-A07D-45406FA04206}.AppStore|ARM.Build.0 = Release|iPhone
		{C697D365-7A39-4CB6-A07D-45406FA04206}.AppStore|iPhone.ActiveCfg = Release|iPhone
		{C697D365-7A39-4CB6-A07D-45406FA04206}.AppStore|iPhone.Build.0 = Release|iPhone
		{C697D365-7A39-4CB6-A07D-45406FA04206}.AppStore|iPhoneSimulator.ActiveCfg = Release|iPhoneSimulator
		{C697D365-7A39-4CB6-A07D-45406FA04206}.AppStore|iPhoneSimulator.Build.0 = Release|iPhoneSimulator
		{C697D365-7A39-4CB6-A07D-45406FA04206}.AppStore|x64.ActiveCfg = Release|iPhone
		{C697D365-7A39-4CB6-A07D-45406FA04206}.AppStore|x64.Build.0 = Release|iPhone
		{C697D365-7A39-4CB6-A07D-45406FA04206}.AppStore|x86.ActiveCfg = Release|iPhone
		{C697D365-7A39-4CB6-A07D-45406FA04206}.AppStore|x86.Build.0 = Release|iPhone
		{C697D365-7A39-4CB6-A07D-45406FA04206}.Debug|Any CPU.ActiveCfg = Debug|iPhone
		{C697D365-7A39-4CB6-A07D-45406FA04206}.Debug|ARM.ActiveCfg = Debug|iPhone
		{C697D365-7A39-4CB6-A07D-45406FA04206}.Debug|iPhone.ActiveCfg = Debug|iPhone
		{C697D365-7A39-4CB6-A07D-45406FA04206}.Debug|iPhone.Build.0 = Debug|iPhone
		{C697D365-7A39-4CB6-A07D-45406FA04206}.Debug|iPhoneSimulator.ActiveCfg = Debug|iPhoneSimulator
		{C697D365-7A39-4CB6-A07D-45406FA04206}.Debug|iPhoneSimulator.Build.0 = Debug|iPhoneSimulator
		{C697D365-7A39-4CB6-A07D-45406FA04206}.Debug|x64.ActiveCfg = Debug|iPhone
		{C697D365-7A39-4CB6-A07D-45406FA04206}.Debug|x86.ActiveCfg = Debug|iPhone
		{C697D365-7A39-4CB6-A07D-45406FA04206}.Release|Any CPU.ActiveCfg = Release|iPhone
		{C697D365-7A39-4CB6-A07D-45406FA04206}.Release|ARM.ActiveCfg = Release|iPhone
		{C697D365-7A39-4CB6-A07D-45406FA04206}.Release|iPhone.ActiveCfg = Release|iPhone
		{C697D365-7A39-4CB6-A07D-45406FA04206}.Release|iPhone.Build.0 = Release|iPhone
		{C697D365-7A39-4CB6-A07D-45406FA04206}.Release|iPhoneSimulator.ActiveCfg = Release|iPhoneSimulator
		{C697D365-7A39-4CB6-A07D-45406FA04206}.Release|iPhoneSimulator.Build.0 = Release|iPhoneSimulator
		{C697D365-7A39-4CB6-A07D-45406FA04206}.Release|x64.ActiveCfg = Release|iPhone
		{C697D365-7A39-4CB6-A07D-45406FA04206}.Release|x86.ActiveCfg = Release|iPhone
		{137F27E8-1CF5-487F-9BBA-074408C0C66D}.Ad-Hoc|Any CPU.ActiveCfg = Release|x86
		{137F27E8-1CF5-487F-9BBA-074408C0C66D}.Ad-Hoc|Any CPU.Build.0 = Release|x86
		{137F27E8-1CF5-487F-9BBA-074408C0C66D}.Ad-Hoc|Any CPU.Deploy.0 = Release|x86
		{137F27E8-1CF5-487F-9BBA-074408C0C66D}.Ad-Hoc|ARM.ActiveCfg = Release|ARM
		{137F27E8-1CF5-487F-9BBA-074408C0C66D}.Ad-Hoc|ARM.Build.0 = Release|ARM
		{137F27E8-1CF5-487F-9BBA-074408C0C66D}.Ad-Hoc|ARM.Deploy.0 = Release|ARM
		{137F27E8-1CF5-487F-9BBA-074408C0C66D}.Ad-Hoc|iPhone.ActiveCfg = Release|x86
		{137F27E8-1CF5-487F-9BBA-074408C0C66D}.Ad-Hoc|iPhone.Build.0 = Release|x86
		{137F27E8-1CF5-487F-9BBA-074408C0C66D}.Ad-Hoc|iPhone.Deploy.0 = Release|x86
		{137F27E8-1CF5-487F-9BBA-074408C0C66D}.Ad-Hoc|iPhoneSimulator.ActiveCfg = Release|x86
		{137F27E8-1CF5-487F-9BBA-074408C0C66D}.Ad-Hoc|iPhoneSimulator.Build.0 = Release|x86
		{137F27E8-1CF5-487F-9BBA-074408C0C66D}.Ad-Hoc|iPhoneSimulator.Deploy.0 = Release|x86
		{137F27E8-1CF5-487F-9BBA-074408C0C66D}.Ad-Hoc|x64.ActiveCfg = Release|x64
		{137F27E8-1CF5-487F-9BBA-074408C0C66D}.Ad-Hoc|x64.Build.0 = Release|x64
		{137F27E8-1CF5-487F-9BBA-074408C0C66D}.Ad-Hoc|x64.Deploy.0 = Release|x64
		{137F27E8-1CF5-487F-9BBA-074408C0C66D}.Ad-Hoc|x86.ActiveCfg = Release|x86
		{137F27E8-1CF5-487F-9BBA-074408C0C66D}.Ad-Hoc|x86.Build.0 = Release|x86
		{137F27E8-1CF5-487F-9BBA-074408C0C66D}.Ad-Hoc|x86.Deploy.0 = Release|x86
		{137F27E8-1CF5-487F-9BBA-074408C0C66D}.AppStore|Any CPU.ActiveCfg = Release|x86
		{137F27E8-1CF5-487F-9BBA-074408C0C66D}.AppStore|Any CPU.Build.0 = Release|x86
		{137F27E8-1CF5-487F-9BBA-074408C0C66D}.AppStore|Any CPU.Deploy.0 = Release|x86
		{137F27E8-1CF5-487F-9BBA-074408C0C66D}.AppStore|ARM.ActiveCfg = Release|ARM
		{137F27E8-1CF5-487F-9BBA-074408C0C66D}.AppStore|ARM.Build.0 = Release|ARM
		{137F27E8-1CF5-487F-9BBA-074408C0C66D}.AppStore|ARM.Deploy.0 = Release|ARM
		{137F27E8-1CF5-487F-9BBA-074408C0C66D}.AppStore|iPhone.ActiveCfg = Release|x86
		{137F27E8-1CF5-487F-9BBA-074408C0C66D}.AppStore|iPhone.Build.0 = Release|x86
		{137F27E8-1CF5-487F-9BBA-074408C0C66D}.AppStore|iPhone.Deploy.0 = Release|x86
		{137F27E8-1CF5-487F-9BBA-074408C0C66D}.AppStore|iPhoneSimulator.ActiveCfg = Release|x86
		{137F27E8-1CF5-487F-9BBA-074408C0C66D}.AppStore|iPhoneSimulator.Build.0 = Release|x86
		{137F27E8-1CF5-487F-9BBA-074408C0C66D}.AppStore|iPhoneSimulator.Deploy.0 = Release|x86
		{137F27E8-1CF5-487F-9BBA-074408C0C66D}.AppStore|x64.ActiveCfg = Release|x64
		{137F27E8-1CF5-487F-9BBA-074408C0C66D}.AppStore|x64.Build.0 = Release|x64
		{137F27E8-1CF5-487F-9BBA-074408C0C66D}.AppStore|x64.Deploy.0 = Release|x64
		{137F27E8-1CF5-487F-9BBA-074408C0C66D}.AppStore|x86.ActiveCfg = Release|x86
		{137F27E8-1CF5-487F-9BBA-074408C0C66D}.AppStore|x86.Build.0 = Release|x86
		{137F27E8-1CF5-487F-9BBA-074408C0C66D}.AppStore|x86.Deploy.0 = Release|x86
		{137F27E8-1CF5-487F-9BBA-074408C0C66D}.Debug|Any CPU.ActiveCfg = Debug|x86
		{137F27E8-1CF5-487F-9BBA-074408C0C66D}.Debug|ARM.ActiveCfg = Debug|ARM
		{137F27E8-1CF5-487F-9BBA-074408C0C66D}.Debug|ARM.Build.0 = Debug|ARM
		{137F27E8-1CF5-487F-9BBA-074408C0C66D}.Debug|ARM.Deploy.0 = Debug|ARM
		{137F27E8-1CF5-487F-9BBA-074408C0C66D}.Debug|iPhone.ActiveCfg = Debug|x86
		{137F27E8-1CF5-487F-9BBA-074408C0C66D}.Debug|iPhoneSimulator.ActiveCfg = Debug|x86
		{137F27E8-1CF5-487F-9BBA-074408C0C66D}.Debug|x64.ActiveCfg = Debug|x64
		{137F27E8-1CF5-487F-9BBA-074408C0C66D}.Debug|x64.Build.0 = Debug|x64
		{137F27E8-1CF5-487F-9BBA-074408C0C66D}.Debug|x64.Deploy.0 = Debug|x64
		{137F27E8-1CF5-487F-9BBA-074408C0C66D}.Debug|x86.ActiveCfg = Debug|x86
		{137F27E8-1CF5-487F-9BBA-074408C0C66D}.Debug|x86.Build.0 = Debug|x86
		{137F27E8-1CF5-487F-9BBA-074408C0C66D}.Debug|x86.Deploy.0 = Debug|x86
		{137F27E8-1CF5-487F-9BBA-074408C0C66D}.Release|Any CPU.ActiveCfg = Release|x86
		{137F27E8-1CF5-487F-9BBA-074408C0C66D}.Release|ARM.ActiveCfg = Release|ARM
		{137F27E8-1CF5-487F-9BBA-074408C0C66D}.Release|ARM.Build.0 = Release|ARM
		{137F27E8-1CF5-487F-9BBA-074408C0C66D}.Release|ARM.Deploy.0 = Release|ARM
		{137F27E8-1CF5-487F-9BBA-074408C0C66D}.Release|iPhone.ActiveCfg = Release|x86
		{137F27E8-1CF5-487F-9BBA-074408C0C66D}.Release|iPhoneSimulator.ActiveCfg = Release|x86
		{137F27E8-1CF5-487F-9BBA-074408C0C66D}.Release|x64.ActiveCfg = Release|x64
		{137F27E8-1CF5-487F-9BBA-074408C0C66D}.Release|x64.Build.0 = Release|x64
		{137F27E8-1CF5-487F-9BBA-074408C0C66D}.Release|x64.Deploy.0 = Release|x64
		{137F27E8-1CF5-487F-9BBA-074408C0C66D}.Release|x86.ActiveCfg = Release|x86
		{137F27E8-1CF5-487F-9BBA-074408C0C66D}.Release|x86.Build.0 = Release|x86
		{137F27E8-1CF5-487F-9BBA-074408C0C66D}.Release|x86.Deploy.0 = Release|x86
		{75061E97-FAC4-42B1-A992-C4F6A9C9D411}.Ad-Hoc|Any CPU.ActiveCfg = Release|Any CPU
		{75061E97-FAC4-42B1-A992-C4F6A9C9D411}.Ad-Hoc|Any CPU.Build.0 = Release|Any CPU
		{75061E97-FAC4-42B1-A992-C4F6A9C9D411}.Ad-Hoc|ARM.ActiveCfg = Release|Any CPU
		{75061E97-FAC4-42B1-A992-C4F6A9C9D411}.Ad-Hoc|ARM.Build.0 = Release|Any CPU
		{75061E97-FAC4-42B1-A992-C4F6A9C9D411}.Ad-Hoc|iPhone.ActiveCfg = Release|Any CPU
		{75061E97-FAC4-42B1-A992-C4F6A9C9D411}.Ad-Hoc|iPhone.Build.0 = Release|Any CPU
		{75061E97-FAC4-42B1-A992-C4F6A9C9D411}.Ad-Hoc|iPhoneSimulator.ActiveCfg = Release|Any CPU
		{75061E97-FAC4-42B1-A992-C4F6A9C9D411}.Ad-Hoc|iPhoneSimulator.Build.0 = Release|Any CPU
		{75061E97-FAC4-42B1-A992-C4F6A9C9D411}.Ad-Hoc|x64.ActiveCfg = Release|Any CPU
		{75061E97-FAC4-42B1-A992-C4F6A9C9D411}.Ad-Hoc|x64.Build.0 = Release|Any CPU
		{75061E97-FAC4-42B1-A992-C4F6A9C9D411}.Ad-Hoc|x86.ActiveCfg = Release|Any CPU
		{75061E97-FAC4-42B1-A992-C4F6A9C9D411}.Ad-Hoc|x86.Build.0 = Release|Any CPU
		{75061E97-FAC4-42B1-A992-C4F6A9C9D411}.AppStore|Any CPU.ActiveCfg = Release|Any CPU
		{75061E97-FAC4-42B1-A992-C4F6A9C9D411}.AppStore|Any CPU.Build.0 = Release|Any CPU
		{75061E97-FAC4-42B1-A992-C4F6A9C9D411}.AppStore|ARM.ActiveCfg = Release|Any CPU
		{75061E97-FAC4-42B1-A992-C4F6A9C9D411}.AppStore|ARM.Build.0 = Release|Any CPU
		{75061E97-FAC4-42B1-A992-C4F6A9C9D411}.AppStore|iPhone.ActiveCfg = Release|Any CPU
		{75061E97-FAC4-42B1-A992-C4F6A9C9D411}.AppStore|iPhone.Build.0 = Release|Any CPU
		{75061E97-FAC4-42B1-A992-C4F6A9C9D411}.AppStore|iPhoneSimulator.ActiveCfg = Release|Any CPU
		{75061E97-FAC4-42B1-A992-C4F6A9C9D411}.AppStore|iPhoneSimulator.Build.0 = Release|Any CPU
		{75061E97-FAC4-42B1-A992-C4F6A9C9D411}.AppStore|x64.ActiveCfg = Release|Any CPU
		{75061E97-FAC4-42B1-A992-C4F6A9C9D411}.AppStore|x64.Build.0 = Release|Any CPU
		{75061E97-FAC4-42B1-A992-C4F6A9C9D411}.AppStore|x86.ActiveCfg = Release|Any CPU
		{75061E97-FAC4-42B1-A992-C4F6A9C9D411}.AppStore|x86.Build.0 = Release|Any CPU
		{75061E97-FAC4-42B1-A992-C4F6A9C9D411}.Debug|Any CPU.ActiveCfg = Debug|Any CPU
		{75061E97-FAC4-42B1-A992-C4F6A9C9D411}.Debug|Any CPU.Build.0 = Debug|Any CPU
		{75061E97-FAC4-42B1-A992-C4F6A9C9D411}.Debug|ARM.ActiveCfg = Debug|Any CPU
		{75061E97-FAC4-42B1-A992-C4F6A9C9D411}.Debug|ARM.Build.0 = Debug|Any CPU
		{75061E97-FAC4-42B1-A992-C4F6A9C9D411}.Debug|iPhone.ActiveCfg = Debug|Any CPU
		{75061E97-FAC4-42B1-A992-C4F6A9C9D411}.Debug|iPhone.Build.0 = Debug|Any CPU
		{75061E97-FAC4-42B1-A992-C4F6A9C9D411}.Debug|iPhoneSimulator.ActiveCfg = Debug|Any CPU
		{75061E97-FAC4-42B1-A992-C4F6A9C9D411}.Debug|iPhoneSimulator.Build.0 = Debug|Any CPU
		{75061E97-FAC4-42B1-A992-C4F6A9C9D411}.Debug|x64.ActiveCfg = Debug|Any CPU
		{75061E97-FAC4-42B1-A992-C4F6A9C9D411}.Debug|x64.Build.0 = Debug|Any CPU
		{75061E97-FAC4-42B1-A992-C4F6A9C9D411}.Debug|x86.ActiveCfg = Debug|Any CPU
		{75061E97-FAC4-42B1-A992-C4F6A9C9D411}.Debug|x86.Build.0 = Debug|Any CPU
		{75061E97-FAC4-42B1-A992-C4F6A9C9D411}.Release|Any CPU.ActiveCfg = Release|Any CPU
		{75061E97-FAC4-42B1-A992-C4F6A9C9D411}.Release|Any CPU.Build.0 = Release|Any CPU
		{75061E97-FAC4-42B1-A992-C4F6A9C9D411}.Release|ARM.ActiveCfg = Release|Any CPU
		{75061E97-FAC4-42B1-A992-C4F6A9C9D411}.Release|ARM.Build.0 = Release|Any CPU
		{75061E97-FAC4-42B1-A992-C4F6A9C9D411}.Release|iPhone.ActiveCfg = Release|Any CPU
		{75061E97-FAC4-42B1-A992-C4F6A9C9D411}.Release|iPhone.Build.0 = Release|Any CPU
		{75061E97-FAC4-42B1-A992-C4F6A9C9D411}.Release|iPhoneSimulator.ActiveCfg = Release|Any CPU
		{75061E97-FAC4-42B1-A992-C4F6A9C9D411}.Release|iPhoneSimulator.Build.0 = Release|Any CPU
		{75061E97-FAC4-42B1-A992-C4F6A9C9D411}.Release|x64.ActiveCfg = Release|Any CPU
		{75061E97-FAC4-42B1-A992-C4F6A9C9D411}.Release|x64.Build.0 = Release|Any CPU
		{75061E97-FAC4-42B1-A992-C4F6A9C9D411}.Release|x86.ActiveCfg = Release|Any CPU
		{75061E97-FAC4-42B1-A992-C4F6A9C9D411}.Release|x86.Build.0 = Release|Any CPU
	EndGlobalSection
	GlobalSection(SolutionProperties) = preSolution
		HideSolutionNode = FALSE
	EndGlobalSection
	GlobalSection(NestedProjects) = preSolution
		{C1D88A06-36B1-4E49-9265-D95769D0C301} = {D5C79DA3-7ECE-4171-88A4-EC7F3DE5ACD5}
		{57138905-D62B-4B2C-A3FF-8BBF8982B8E7} = {D5C79DA3-7ECE-4171-88A4-EC7F3DE5ACD5}
		{FD7A7728-7E27-42B5-B985-44F90180BD51} = {D5C79DA3-7ECE-4171-88A4-EC7F3DE5ACD5}
		{624BF128-F6F4-479E-9FE2-63210F818F20} = {D5C79DA3-7ECE-4171-88A4-EC7F3DE5ACD5}
		{845AD315-4938-48B4-98BF-88A6A1198A4E} = {E1C406E2-B39F-4BD6-857B-0884D0E25F14}
		{A93EDF2D-6663-4453-8DC8-27DAE20A9C21} = {0E8BC866-33C5-43B8-A14A-F7B74261FCCF}
		{C697D365-7A39-4CB6-A07D-45406FA04206} = {0E8BC866-33C5-43B8-A14A-F7B74261FCCF}
		{137F27E8-1CF5-487F-9BBA-074408C0C66D} = {0E8BC866-33C5-43B8-A14A-F7B74261FCCF}
		{75061E97-FAC4-42B1-A992-C4F6A9C9D411} = {0E8BC866-33C5-43B8-A14A-F7B74261FCCF}
	EndGlobalSection
EndGlobal
